
Microsoft Visual Studio Solution File, Format Version 12.00
# Visual Studio Version 17
VisualStudioVersion = 17.9.34701.34
MinimumVisualStudioVersion = 10.0.40219.1
Project("{9A19103F-16F7-4668-BE54-9A1E7A4F7556}") = "PasswordManager-Desktop", "PasswordManager-Desktop\PasswordManager-Desktop.csproj", "{41946F8B-1DF8-4A7B-95EB-CC8BA7C286FC}"
EndProject
Project("{2150E333-8FDC-42A3-9474-1A3956D46DE8}") = "Solution Items", "Solution Items", "{759D1427-99C3-4FC5-9B76-0C873592A08E}"
	ProjectSection(SolutionItems) = preProject
		PasswordManager-Desktop\bin\Files\BadPasswordList.txt = PasswordManager-Desktop\bin\Files\BadPasswordList.txt
		PasswordManager-Desktop\bin\Files\PasswordManager-Desktop.db = PasswordManager-Desktop\bin\Files\PasswordManager-Desktop.db
	EndProjectSection
EndProject
Global
	GlobalSection(SolutionConfigurationPlatforms) = preSolution
		Debug|Any CPU = Debug|Any CPU
		Release|Any CPU = Release|Any CPU
	EndGlobalSection
	GlobalSection(ProjectConfigurationPlatforms) = postSolution
		{41946F8B-1DF8-4A7B-95EB-CC8BA7C286FC}.Debug|Any CPU.ActiveCfg = Debug|Any CPU
		{41946F8B-1DF8-4A7B-95EB-CC8BA7C286FC}.Debug|Any CPU.Build.0 = Debug|Any CPU
		{41946F8B-1DF8-4A7B-95EB-CC8BA7C286FC}.Release|Any CPU.ActiveCfg = Release|Any CPU
		{41946F8B-1DF8-4A7B-95EB-CC8BA7C286FC}.Release|Any CPU.Build.0 = Release|Any CPU
	EndGlobalSection
	GlobalSection(SolutionProperties) = preSolution
		HideSolutionNode = FALSE
	EndGlobalSection
	GlobalSection(ExtensibilityGlobals) = postSolution
		SolutionGuid = {6310ED77-3BEB-4684-B29F-460E865E16D1}
	EndGlobalSection
EndGlobal
